// !$*UTF8*$!
{
	archiveVersion = 1;
	classes = {
	};
	objectVersion = 56;
	objects = {

/* Begin PBXBuildFile section */
		466EF3CA28FEE4C600A7BF8F /* AppDelegate.swift in Sources */ = {isa = PBXBuildFile; fileRef = 466EF3C928FEE4C600A7BF8F /* AppDelegate.swift */; };
		466EF3CC28FEE4C600A7BF8F /* SceneDelegate.swift in Sources */ = {isa = PBXBuildFile; fileRef = 466EF3CB28FEE4C600A7BF8F /* SceneDelegate.swift */; };
		466EF3CE28FEE4C600A7BF8F /* MainTabBarViewController.swift in Sources */ = {isa = PBXBuildFile; fileRef = 466EF3CD28FEE4C600A7BF8F /* MainTabBarViewController.swift */; };
		466EF3D428FEE4C600A7BF8F /* Netflix_Clone.xcdatamodeld in Sources */ = {isa = PBXBuildFile; fileRef = 466EF3D228FEE4C600A7BF8F /* Netflix_Clone.xcdatamodeld */; };
		466EF3D628FEE4C800A7BF8F /* Assets.xcassets in Resources */ = {isa = PBXBuildFile; fileRef = 466EF3D528FEE4C800A7BF8F /* Assets.xcassets */; };
		466EF3D928FEE4C800A7BF8F /* LaunchScreen.storyboard in Resources */ = {isa = PBXBuildFile; fileRef = 466EF3D728FEE4C800A7BF8F /* LaunchScreen.storyboard */; };
		466EF3E228FEE84E00A7BF8F /* HomeViewController.swift in Sources */ = {isa = PBXBuildFile; fileRef = 466EF3E128FEE84E00A7BF8F /* HomeViewController.swift */; };
		466EF3E428FEE86900A7BF8F /* UpComingViewController.swift in Sources */ = {isa = PBXBuildFile; fileRef = 466EF3E328FEE86900A7BF8F /* UpComingViewController.swift */; };
		466EF3E628FEE87800A7BF8F /* SearchViewController.swift in Sources */ = {isa = PBXBuildFile; fileRef = 466EF3E528FEE87800A7BF8F /* SearchViewController.swift */; };
		466EF3E828FEE89F00A7BF8F /* DownloadViewController.swift in Sources */ = {isa = PBXBuildFile; fileRef = 466EF3E728FEE89F00A7BF8F /* DownloadViewController.swift */; };
		466EF3F029007DD400A7BF8F /* CollectionViewTableViewCell.swift in Sources */ = {isa = PBXBuildFile; fileRef = 466EF3EF29007DD400A7BF8F /* CollectionViewTableViewCell.swift */; };
		466EF3F2290086B900A7BF8F /* HeroHeaderUIView.swift in Sources */ = {isa = PBXBuildFile; fileRef = 466EF3F1290086B900A7BF8F /* HeroHeaderUIView.swift */; };
		466EF3FC2901FDC900A7BF8F /* APICaller.swift in Sources */ = {isa = PBXBuildFile; fileRef = 466EF3FB2901FDC900A7BF8F /* APICaller.swift */; };
		468CACC02902ECB000F77CED /* Titles.swift in Sources */ = {isa = PBXBuildFile; fileRef = 468CACBF2902ECB000F77CED /* Titles.swift */; };
		468CACC2290341B000F77CED /* Extentions.swift in Sources */ = {isa = PBXBuildFile; fileRef = 468CACC1290341B000F77CED /* Extentions.swift */; };
		468CACC629034FA700F77CED /* YoutubeSearchResponse.swift in Sources */ = {isa = PBXBuildFile; fileRef = 468CACC529034FA700F77CED /* YoutubeSearchResponse.swift */; };
		468CACC829034FF500F77CED /* TitleCollectionViewCell.swift in Sources */ = {isa = PBXBuildFile; fileRef = 468CACC729034FF500F77CED /* TitleCollectionViewCell.swift */; };
		468CACCB2905DDAA00F77CED /* SDWebImage in Frameworks */ = {isa = PBXBuildFile; productRef = 468CACCA2905DDAA00F77CED /* SDWebImage */; };
		468CACCD2905DDAA00F77CED /* SDWebImageMapKit in Frameworks */ = {isa = PBXBuildFile; productRef = 468CACCC2905DDAA00F77CED /* SDWebImageMapKit */; };
		468CACCF2905EECC00F77CED /* TitleTableViewCell.swift in Sources */ = {isa = PBXBuildFile; fileRef = 468CACCE2905EECC00F77CED /* TitleTableViewCell.swift */; };
/* End PBXBuildFile section */

/* Begin PBXFileReference section */
		466EF3C628FEE4C600A7BF8F /* Netflix Clone.app */ = {isa = PBXFileReference; explicitFileType = wrapper.application; includeInIndex = 0; path = "Netflix Clone.app"; sourceTree = BUILT_PRODUCTS_DIR; };
		466EF3C928FEE4C600A7BF8F /* AppDelegate.swift */ = {isa = PBXFileReference; lastKnownFileType = sourcecode.swift; path = AppDelegate.swift; sourceTree = "<group>"; };
		466EF3CB28FEE4C600A7BF8F /* SceneDelegate.swift */ = {isa = PBXFileReference; lastKnownFileType = sourcecode.swift; path = SceneDelegate.swift; sourceTree = "<group>"; };
		466EF3CD28FEE4C600A7BF8F /* MainTabBarViewController.swift */ = {isa = PBXFileReference; lastKnownFileType = sourcecode.swift; path = MainTabBarViewController.swift; sourceTree = "<group>"; };
		466EF3D328FEE4C600A7BF8F /* Netflix_Clone.xcdatamodel */ = {isa = PBXFileReference; lastKnownFileType = wrapper.xcdatamodel; path = Netflix_Clone.xcdatamodel; sourceTree = "<group>"; };
		466EF3D528FEE4C800A7BF8F /* Assets.xcassets */ = {isa = PBXFileReference; lastKnownFileType = folder.assetcatalog; path = Assets.xcassets; sourceTree = "<group>"; };
		466EF3D828FEE4C800A7BF8F /* Base */ = {isa = PBXFileReference; lastKnownFileType = file.storyboard; name = Base; path = Base.lproj/LaunchScreen.storyboard; sourceTree = "<group>"; };
		466EF3DA28FEE4C800A7BF8F /* Info.plist */ = {isa = PBXFileReference; lastKnownFileType = text.plist.xml; path = Info.plist; sourceTree = "<group>"; };
		466EF3E128FEE84E00A7BF8F /* HomeViewController.swift */ = {isa = PBXFileReference; lastKnownFileType = sourcecode.swift; path = HomeViewController.swift; sourceTree = "<group>"; };
		466EF3E328FEE86900A7BF8F /* UpComingViewController.swift */ = {isa = PBXFileReference; lastKnownFileType = sourcecode.swift; path = UpComingViewController.swift; sourceTree = "<group>"; };
		466EF3E528FEE87800A7BF8F /* SearchViewController.swift */ = {isa = PBXFileReference; lastKnownFileType = sourcecode.swift; path = SearchViewController.swift; sourceTree = "<group>"; };
		466EF3E728FEE89F00A7BF8F /* DownloadViewController.swift */ = {isa = PBXFileReference; lastKnownFileType = sourcecode.swift; path = DownloadViewController.swift; sourceTree = "<group>"; };
		466EF3EF29007DD400A7BF8F /* CollectionViewTableViewCell.swift */ = {isa = PBXFileReference; lastKnownFileType = sourcecode.swift; path = CollectionViewTableViewCell.swift; sourceTree = "<group>"; };
		466EF3F1290086B900A7BF8F /* HeroHeaderUIView.swift */ = {isa = PBXFileReference; lastKnownFileType = sourcecode.swift; path = HeroHeaderUIView.swift; sourceTree = "<group>"; };
		466EF3FB2901FDC900A7BF8F /* APICaller.swift */ = {isa = PBXFileReference; lastKnownFileType = sourcecode.swift; path = APICaller.swift; sourceTree = "<group>"; };
		468CACBF2902ECB000F77CED /* Titles.swift */ = {isa = PBXFileReference; lastKnownFileType = sourcecode.swift; path = Titles.swift; sourceTree = "<group>"; };
		468CACC1290341B000F77CED /* Extentions.swift */ = {isa = PBXFileReference; lastKnownFileType = sourcecode.swift; path = Extentions.swift; sourceTree = "<group>"; };
		468CACC529034FA700F77CED /* YoutubeSearchResponse.swift */ = {isa = PBXFileReference; lastKnownFileType = sourcecode.swift; path = YoutubeSearchResponse.swift; sourceTree = "<group>"; };
		468CACC729034FF500F77CED /* TitleCollectionViewCell.swift */ = {isa = PBXFileReference; lastKnownFileType = sourcecode.swift; path = TitleCollectionViewCell.swift; sourceTree = "<group>"; };
		468CACCE2905EECC00F77CED /* TitleTableViewCell.swift */ = {isa = PBXFileReference; lastKnownFileType = sourcecode.swift; path = TitleTableViewCell.swift; sourceTree = "<group>"; };
/* End PBXFileReference section */

/* Begin PBXFrameworksBuildPhase section */
		466EF3C328FEE4C600A7BF8F /* Frameworks */ = {
			isa = PBXFrameworksBuildPhase;
			buildActionMask = 2147483647;
			files = (
				468CACCD2905DDAA00F77CED /* SDWebImageMapKit in Frameworks */,
				468CACCB2905DDAA00F77CED /* SDWebImage in Frameworks */,
			);
			runOnlyForDeploymentPostprocessing = 0;
		};
/* End PBXFrameworksBuildPhase section */

/* Begin PBXGroup section */
		466EF3BD28FEE4C600A7BF8F = {
			isa = PBXGroup;
			children = (
				466EF3C828FEE4C600A7BF8F /* Netflix Clone */,
				466EF3C728FEE4C600A7BF8F /* Products */,
			);
			sourceTree = "<group>";
		};
		466EF3C728FEE4C600A7BF8F /* Products */ = {
			isa = PBXGroup;
			children = (
				466EF3C628FEE4C600A7BF8F /* Netflix Clone.app */,
			);
			name = Products;
			sourceTree = "<group>";
		};
		466EF3C828FEE4C600A7BF8F /* Netflix Clone */ = {
			isa = PBXGroup;
			children = (
				466EF3ED29006B8100A7BF8F /* Managers */,
				466EF3EE29006B8B00A7BF8F /* Resources */,
				466EF3E929006B0600A7BF8F /* Models */,
				466EF3EA29006B1000A7BF8F /* Views */,
				466EF3EB29006B1600A7BF8F /* ViewModels */,
				466EF3E028FEE82E00A7BF8F /* Controllers */,
				466EF3CD28FEE4C600A7BF8F /* MainTabBarViewController.swift */,
				466EF3D528FEE4C800A7BF8F /* Assets.xcassets */,
				466EF3D728FEE4C800A7BF8F /* LaunchScreen.storyboard */,
				466EF3DA28FEE4C800A7BF8F /* Info.plist */,
				466EF3D228FEE4C600A7BF8F /* Netflix_Clone.xcdatamodeld */,
			);
			path = "Netflix Clone";
			sourceTree = "<group>";
		};
		466EF3E028FEE82E00A7BF8F /* Controllers */ = {
			isa = PBXGroup;
			children = (
				466EF3E128FEE84E00A7BF8F /* HomeViewController.swift */,
				466EF3E328FEE86900A7BF8F /* UpComingViewController.swift */,
				466EF3E528FEE87800A7BF8F /* SearchViewController.swift */,
				466EF3E728FEE89F00A7BF8F /* DownloadViewController.swift */,
			);
			path = Controllers;
			sourceTree = "<group>";
		};
		466EF3E929006B0600A7BF8F /* Models */ = {
			isa = PBXGroup;
			children = (
				468CACBF2902ECB000F77CED /* Titles.swift */,
				468CACC529034FA700F77CED /* YoutubeSearchResponse.swift */,
			);
			path = Models;
			sourceTree = "<group>";
		};
		466EF3EA29006B1000A7BF8F /* Views */ = {
			isa = PBXGroup;
			children = (
				466EF3EF29007DD400A7BF8F /* CollectionViewTableViewCell.swift */,
				466EF3F1290086B900A7BF8F /* HeroHeaderUIView.swift */,
				468CACC729034FF500F77CED /* TitleCollectionViewCell.swift */,
				468CACCE2905EECC00F77CED /* TitleTableViewCell.swift */,
			);
			path = Views;
			sourceTree = "<group>";
		};
		466EF3EB29006B1600A7BF8F /* ViewModels */ = {
			isa = PBXGroup;
			children = (
			);
			path = ViewModels;
			sourceTree = "<group>";
		};
		466EF3ED29006B8100A7BF8F /* Managers */ = {
			isa = PBXGroup;
			children = (
				466EF3FB2901FDC900A7BF8F /* APICaller.swift */,
			);
			path = Managers;
			sourceTree = "<group>";
		};
		466EF3EE29006B8B00A7BF8F /* Resources */ = {
			isa = PBXGroup;
			children = (
				468CACC1290341B000F77CED /* Extentions.swift */,
				466EF3C928FEE4C600A7BF8F /* AppDelegate.swift */,
				466EF3CB28FEE4C600A7BF8F /* SceneDelegate.swift */,
			);
			path = Resources;
			sourceTree = "<group>";
		};
/* End PBXGroup section */

/* Begin PBXNativeTarget section */
		466EF3C528FEE4C600A7BF8F /* Netflix Clone */ = {
			isa = PBXNativeTarget;
			buildConfigurationList = 466EF3DD28FEE4C800A7BF8F /* Build configuration list for PBXNativeTarget "Netflix Clone" */;
			buildPhases = (
				466EF3C228FEE4C600A7BF8F /* Sources */,
				466EF3C328FEE4C600A7BF8F /* Frameworks */,
				466EF3C428FEE4C600A7BF8F /* Resources */,
			);
			buildRules = (
			);
			dependencies = (
			);
			name = "Netflix Clone";
			packageProductDependencies = (
				468CACCA2905DDAA00F77CED /* SDWebImage */,
				468CACCC2905DDAA00F77CED /* SDWebImageMapKit */,
			);
			productName = "Netflix Clone";
			productReference = 466EF3C628FEE4C600A7BF8F /* Netflix Clone.app */;
			productType = "com.apple.product-type.application";
		};
/* End PBXNativeTarget section */

/* Begin PBXProject section */
		466EF3BE28FEE4C600A7BF8F /* Project object */ = {
			isa = PBXProject;
			attributes = {
				BuildIndependentTargetsInParallel = 1;
				LastSwiftUpdateCheck = 1400;
				LastUpgradeCheck = 1400;
				TargetAttributes = {
					466EF3C528FEE4C600A7BF8F = {
						CreatedOnToolsVersion = 14.0.1;
					};
				};
			};
			buildConfigurationList = 466EF3C128FEE4C600A7BF8F /* Build configuration list for PBXProject "Netflix Clone" */;
			compatibilityVersion = "Xcode 14.0";
			developmentRegion = en;
			hasScannedForEncodings = 0;
			knownRegions = (
				en,
				Base,
			);
			mainGroup = 466EF3BD28FEE4C600A7BF8F;
			packageReferences = (
				468CACC92905DDAA00F77CED /* XCRemoteSwiftPackageReference "SDWebImage" */,
			);
			productRefGroup = 466EF3C728FEE4C600A7BF8F /* Products */;
			projectDirPath = "";
			projectRoot = "";
			targets = (
				466EF3C528FEE4C600A7BF8F /* Netflix Clone */,
			);
		};
/* End PBXProject section */

/* Begin PBXResourcesBuildPhase section */
		466EF3C428FEE4C600A7BF8F /* Resources */ = {
			isa = PBXResourcesBuildPhase;
			buildActionMask = 2147483647;
			files = (
				466EF3D928FEE4C800A7BF8F /* LaunchScreen.storyboard in Resources */,
				466EF3D628FEE4C800A7BF8F /* Assets.xcassets in Resources */,
			);
			runOnlyForDeploymentPostprocessing = 0;
		};
/* End PBXResourcesBuildPhase section */

/* Begin PBXSourcesBuildPhase section */
		466EF3C228FEE4C600A7BF8F /* Sources */ = {
			isa = PBXSourcesBuildPhase;
			buildActionMask = 2147483647;
			files = (
				468CACC02902ECB000F77CED /* Titles.swift in Sources */,
				466EF3E228FEE84E00A7BF8F /* HomeViewController.swift in Sources */,
				466EF3F2290086B900A7BF8F /* HeroHeaderUIView.swift in Sources */,
				466EF3E628FEE87800A7BF8F /* SearchViewController.swift in Sources */,
				466EF3FC2901FDC900A7BF8F /* APICaller.swift in Sources */,
				466EF3D428FEE4C600A7BF8F /* Netflix_Clone.xcdatamodeld in Sources */,
				466EF3CE28FEE4C600A7BF8F /* MainTabBarViewController.swift in Sources */,
				466EF3CA28FEE4C600A7BF8F /* AppDelegate.swift in Sources */,
				468CACCF2905EECC00F77CED /* TitleTableViewCell.swift in Sources */,
				468CACC2290341B000F77CED /* Extentions.swift in Sources */,
				466EF3F029007DD400A7BF8F /* CollectionViewTableViewCell.swift in Sources */,
				466EF3E428FEE86900A7BF8F /* UpComingViewController.swift in Sources */,
				466EF3E828FEE89F00A7BF8F /* DownloadViewController.swift in Sources */,
				468CACC829034FF500F77CED /* TitleCollectionViewCell.swift in Sources */,
				468CACC629034FA700F77CED /* YoutubeSearchResponse.swift in Sources */,
				466EF3CC28FEE4C600A7BF8F /* SceneDelegate.swift in Sources */,
			);
			runOnlyForDeploymentPostprocessing = 0;
		};
/* End PBXSourcesBuildPhase section */

/* Begin PBXVariantGroup section */
		466EF3D728FEE4C800A7BF8F /* LaunchScreen.storyboard */ = {
			isa = PBXVariantGroup;
			children = (
				466EF3D828FEE4C800A7BF8F /* Base */,
			);
			name = LaunchScreen.storyboard;
			sourceTree = "<group>";
		};
/* End PBXVariantGroup section */

/* Begin XCBuildConfiguration section */
		466EF3DB28FEE4C800A7BF8F /* Debug */ = {
			isa = XCBuildConfiguration;
			buildSettings = {
				ALWAYS_SEARCH_USER_PATHS = NO;
				CLANG_ANALYZER_NONNULL = YES;
				CLANG_ANALYZER_NUMBER_OBJECT_CONVERSION = YES_AGGRESSIVE;
				CLANG_CXX_LANGUAGE_STANDARD = "gnu++20";
				CLANG_ENABLE_MODULES = YES;
				CLANG_ENABLE_OBJC_ARC = YES;
				CLANG_ENABLE_OBJC_WEAK = YES;
				CLANG_WARN_BLOCK_CAPTURE_AUTORELEASING = YES;
				CLANG_WARN_BOOL_CONVERSION = YES;
				CLANG_WARN_COMMA = YES;
				CLANG_WARN_CONSTANT_CONVERSION = YES;
				CLANG_WARN_DEPRECATED_OBJC_IMPLEMENTATIONS = YES;
				CLANG_WARN_DIRECT_OBJC_ISA_USAGE = YES_ERROR;
				CLANG_WARN_DOCUMENTATION_COMMENTS = YES;
				CLANG_WARN_EMPTY_BODY = YES;
				CLANG_WARN_ENUM_CONVERSION = YES;
				CLANG_WARN_INFINITE_RECURSION = YES;
				CLANG_WARN_INT_CONVERSION = YES;
				CLANG_WARN_NON_LITERAL_NULL_CONVERSION = YES;
				CLANG_WARN_OBJC_IMPLICIT_RETAIN_SELF = YES;
				CLANG_WARN_OBJC_LITERAL_CONVERSION = YES;
				CLANG_WARN_OBJC_ROOT_CLASS = YES_ERROR;
				CLANG_WARN_QUOTED_INCLUDE_IN_FRAMEWORK_HEADER = YES;
				CLANG_WARN_RANGE_LOOP_ANALYSIS = YES;
				CLANG_WARN_STRICT_PROTOTYPES = YES;
				CLANG_WARN_SUSPICIOUS_MOVE = YES;
				CLANG_WARN_UNGUARDED_AVAILABILITY = YES_AGGRESSIVE;
				CLANG_WARN_UNREACHABLE_CODE = YES;
				CLANG_WARN__DUPLICATE_METHOD_MATCH = YES;
				COPY_PHASE_STRIP = NO;
				DEBUG_INFORMATION_FORMAT = dwarf;
				ENABLE_STRICT_OBJC_MSGSEND = YES;
				ENABLE_TESTABILITY = YES;
				GCC_C_LANGUAGE_STANDARD = gnu11;
				GCC_DYNAMIC_NO_PIC = NO;
				GCC_NO_COMMON_BLOCKS = YES;
				GCC_OPTIMIZATION_LEVEL = 0;
				GCC_PREPROCESSOR_DEFINITIONS = (
					"DEBUG=1",
					"$(inherited)",
				);
				GCC_WARN_64_TO_32_BIT_CONVERSION = YES;
				GCC_WARN_ABOUT_RETURN_TYPE = YES_ERROR;
				GCC_WARN_UNDECLARED_SELECTOR = YES;
				GCC_WARN_UNINITIALIZED_AUTOS = YES_AGGRESSIVE;
				GCC_WARN_UNUSED_FUNCTION = YES;
				GCC_WARN_UNUSED_VARIABLE = YES;
				IPHONEOS_DEPLOYMENT_TARGET = 16.0;
				MTL_ENABLE_DEBUG_INFO = INCLUDE_SOURCE;
				MTL_FAST_MATH = YES;
				ONLY_ACTIVE_ARCH = YES;
				SDKROOT = iphoneos;
				SWIFT_ACTIVE_COMPILATION_CONDITIONS = DEBUG;
				SWIFT_OPTIMIZATION_LEVEL = "-Onone";
			};
			name = Debug;
		};
		466EF3DC28FEE4C800A7BF8F /* Release */ = {
			isa = XCBuildConfiguration;
			buildSettings = {
				ALWAYS_SEARCH_USER_PATHS = NO;
				CLANG_ANALYZER_NONNULL = YES;
				CLANG_ANALYZER_NUMBER_OBJECT_CONVERSION = YES_AGGRESSIVE;
				CLANG_CXX_LANGUAGE_STANDARD = "gnu++20";
				CLANG_ENABLE_MODULES = YES;
				CLANG_ENABLE_OBJC_ARC = YES;
				CLANG_ENABLE_OBJC_WEAK = YES;
				CLANG_WARN_BLOCK_CAPTURE_AUTORELEASING = YES;
				CLANG_WARN_BOOL_CONVERSION = YES;
				CLANG_WARN_COMMA = YES;
				CLANG_WARN_CONSTANT_CONVERSION = YES;
				CLANG_WARN_DEPRECATED_OBJC_IMPLEMENTATIONS = YES;
				CLANG_WARN_DIRECT_OBJC_ISA_USAGE = YES_ERROR;
				CLANG_WARN_DOCUMENTATION_COMMENTS = YES;
				CLANG_WARN_EMPTY_BODY = YES;
				CLANG_WARN_ENUM_CONVERSION = YES;
				CLANG_WARN_INFINITE_RECURSION = YES;
				CLANG_WARN_INT_CONVERSION = YES;
				CLANG_WARN_NON_LITERAL_NULL_CONVERSION = YES;
				CLANG_WARN_OBJC_IMPLICIT_RETAIN_SELF = YES;
				CLANG_WARN_OBJC_LITERAL_CONVERSION = YES;
				CLANG_WARN_OBJC_ROOT_CLASS = YES_ERROR;
				CLANG_WARN_QUOTED_INCLUDE_IN_FRAMEWORK_HEADER = YES;
				CLANG_WARN_RANGE_LOOP_ANALYSIS = YES;
				CLANG_WARN_STRICT_PROTOTYPES = YES;
				CLANG_WARN_SUSPICIOUS_MOVE = YES;
				CLANG_WARN_UNGUARDED_AVAILABILITY = YES_AGGRESSIVE;
				CLANG_WARN_UNREACHABLE_CODE = YES;
				CLANG_WARN__DUPLICATE_METHOD_MATCH = YES;
				COPY_PHASE_STRIP = NO;
				DEBUG_INFORMATION_FORMAT = "dwarf-with-dsym";
				ENABLE_NS_ASSERTIONS = NO;
				ENABLE_STRICT_OBJC_MSGSEND = YES;
				GCC_C_LANGUAGE_STANDARD = gnu11;
				GCC_NO_COMMON_BLOCKS = YES;
				GCC_WARN_64_TO_32_BIT_CONVERSION = YES;
				GCC_WARN_ABOUT_RETURN_TYPE = YES_ERROR;
				GCC_WARN_UNDECLARED_SELECTOR = YES;
				GCC_WARN_UNINITIALIZED_AUTOS = YES_AGGRESSIVE;
				GCC_WARN_UNUSED_FUNCTION = YES;
				GCC_WARN_UNUSED_VARIABLE = YES;
				IPHONEOS_DEPLOYMENT_TARGET = 16.0;
				MTL_ENABLE_DEBUG_INFO = NO;
				MTL_FAST_MATH = YES;
				SDKROOT = iphoneos;
				SWIFT_COMPILATION_MODE = wholemodule;
				SWIFT_OPTIMIZATION_LEVEL = "-O";
				VALIDATE_PRODUCT = YES;
			};
			name = Release;
		};
		466EF3DE28FEE4C800A7BF8F /* Debug */ = {
			isa = XCBuildConfiguration;
			buildSettings = {
				ASSETCATALOG_COMPILER_APPICON_NAME = AppIcon;
				ASSETCATALOG_COMPILER_GLOBAL_ACCENT_COLOR_NAME = AccentColor;
				CODE_SIGN_STYLE = Automatic;
				CURRENT_PROJECT_VERSION = 1;
				DEVELOPMENT_TEAM = L8GP8D8QVX;
				GENERATE_INFOPLIST_FILE = YES;
				INFOPLIST_FILE = "Netflix Clone/Info.plist";
				INFOPLIST_KEY_UIApplicationSupportsIndirectInputEvents = YES;
				INFOPLIST_KEY_UILaunchStoryboardName = LaunchScreen;
				INFOPLIST_KEY_UISupportedInterfaceOrientations_iPad = "UIInterfaceOrientationPortrait UIInterfaceOrientationPortraitUpsideDown UIInterfaceOrientationLandscapeLeft UIInterfaceOrientationLandscapeRight";
				INFOPLIST_KEY_UISupportedInterfaceOrientations_iPhone = "UIInterfaceOrientationPortrait UIInterfaceOrientationLandscapeLeft UIInterfaceOrientationLandscapeRight";
				LD_RUNPATH_SEARCH_PATHS = (
					"$(inherited)",
					"@executable_path/Frameworks",
				);
				MARKETING_VERSION = 1.0;
				PRODUCT_BUNDLE_IDENTIFIER = "com.rustam.Netflix-Clone";
				PRODUCT_NAME = "$(TARGET_NAME)";
				SWIFT_EMIT_LOC_STRINGS = YES;
				SWIFT_VERSION = 5.0;
				TARGETED_DEVICE_FAMILY = "1,2";
			};
			name = Debug;
		};
		466EF3DF28FEE4C800A7BF8F /* Release */ = {
			isa = XCBuildConfiguration;
			buildSettings = {
				ASSETCATALOG_COMPILER_APPICON_NAME = AppIcon;
				ASSETCATALOG_COMPILER_GLOBAL_ACCENT_COLOR_NAME = AccentColor;
				CODE_SIGN_STYLE = Automatic;
				CURRENT_PROJECT_VERSION = 1;
				DEVELOPMENT_TEAM = L8GP8D8QVX;
				GENERATE_INFOPLIST_FILE = YES;
				INFOPLIST_FILE = "Netflix Clone/Info.plist";
				INFOPLIST_KEY_UIApplicationSupportsIndirectInputEvents = YES;
				INFOPLIST_KEY_UILaunchStoryboardName = LaunchScreen;
				INFOPLIST_KEY_UISupportedInterfaceOrientations_iPad = "UIInterfaceOrientationPortrait UIInterfaceOrientationPortraitUpsideDown UIInterfaceOrientationLandscapeLeft UIInterfaceOrientationLandscapeRight";
				INFOPLIST_KEY_UISupportedInterfaceOrientations_iPhone = "UIInterfaceOrientationPortrait UIInterfaceOrientationLandscapeLeft UIInterfaceOrientationLandscapeRight";
				LD_RUNPATH_SEARCH_PATHS = (
					"$(inherited)",
					"@executable_path/Frameworks",
				);
				MARKETING_VERSION = 1.0;
				PRODUCT_BUNDLE_IDENTIFIER = "com.rustam.Netflix-Clone";
				PRODUCT_NAME = "$(TARGET_NAME)";
				SWIFT_EMIT_LOC_STRINGS = YES;
				SWIFT_VERSION = 5.0;
				TARGETED_DEVICE_FAMILY = "1,2";
			};
			name = Release;
		};
/* End XCBuildConfiguration section */

/* Begin XCConfigurationList section */
		466EF3C128FEE4C600A7BF8F /* Build configuration list for PBXProject "Netflix Clone" */ = {
			isa = XCConfigurationList;
			buildConfigurations = (
				466EF3DB28FEE4C800A7BF8F /* Debug */,
				466EF3DC28FEE4C800A7BF8F /* Release */,
			);
			defaultConfigurationIsVisible = 0;
			defaultConfigurationName = Release;
		};
		466EF3DD28FEE4C800A7BF8F /* Build configuration list for PBXNativeTarget "Netflix Clone" */ = {
			isa = XCConfigurationList;
			buildConfigurations = (
				466EF3DE28FEE4C800A7BF8F /* Debug */,
				466EF3DF28FEE4C800A7BF8F /* Release */,
			);
			defaultConfigurationIsVisible = 0;
			defaultConfigurationName = Release;
		};
/* End XCConfigurationList section */

/* Begin XCRemoteSwiftPackageReference section */
		468CACC92905DDAA00F77CED /* XCRemoteSwiftPackageReference "SDWebImage" */ = {
			isa = XCRemoteSwiftPackageReference;
			repositoryURL = "https://github.com/SDWebImage/SDWebImage.git";
			requirement = {
				kind = upToNextMajorVersion;
				minimumVersion = 5.0.0;
			};
		};
/* End XCRemoteSwiftPackageReference section */

/* Begin XCSwiftPackageProductDependency section */
		468CACCA2905DDAA00F77CED /* SDWebImage */ = {
			isa = XCSwiftPackageProductDependency;
			package = 468CACC92905DDAA00F77CED /* XCRemoteSwiftPackageReference "SDWebImage" */;
			productName = SDWebImage;
		};
		468CACCC2905DDAA00F77CED /* SDWebImageMapKit */ = {
			isa = XCSwiftPackageProductDependency;
			package = 468CACC92905DDAA00F77CED /* XCRemoteSwiftPackageReference "SDWebImage" */;
			productName = SDWebImageMapKit;
		};
/* End XCSwiftPackageProductDependency section */

/* Begin XCVersionGroup section */
		466EF3D228FEE4C600A7BF8F /* Netflix_Clone.xcdatamodeld */ = {
			isa = XCVersionGroup;
			children = (
				466EF3D328FEE4C600A7BF8F /* Netflix_Clone.xcdatamodel */,
			);
			currentVersion = 466EF3D328FEE4C600A7BF8F /* Netflix_Clone.xcdatamodel */;
			path = Netflix_Clone.xcdatamodeld;
			sourceTree = "<group>";
			versionGroupType = wrapper.xcdatamodel;
		};
/* End XCVersionGroup section */
	};
	rootObject = 466EF3BE28FEE4C600A7BF8F /* Project object */;
}
